{
  "requires": true,
  "lockfileVersion": 1,
  "dependencies": {
    "@uirouter/angularjs": {
      "version": "1.0.19",
      "resolved": "https://registry.npmjs.org/@uirouter/angularjs/-/angularjs-1.0.19.tgz",
      "integrity": "sha512-O+M3CB4en9OPMKqSrMC6hZsuMbtttYpGlALZoqAYqUmqdw1CJ5WBnuj7s/40svhZG338SfqxXN/Y2uKh5x+gPQ==",
      "requires": {
        "@uirouter/core": "5.0.20"
      }
    },
    "@uirouter/core": {
      "version": "5.0.20",
      "resolved": "https://registry.npmjs.org/@uirouter/core/-/core-5.0.20.tgz",
      "integrity": "sha512-7MwtORbMF0UFCgMb+KcBAx+7EsYn/6sP5mEAjLNQq14AkHOJom5pPRE0N3nxduFbK3V2TXfsOX2UjtbkuXql+A=="
    },
    "angular": {
      "version": "1.7.2",
      "resolved": "https://registry.npmjs.org/angular/-/angular-1.7.2.tgz",
      "integrity": "sha512-JcKKJbBdybUsmQ6x1M3xWyTYQ/ioVKJhSByEAjqrhmlOfvMFdhfMqAx5KIo8rLGk4DFolYPcCSgssjgTVjCtRQ=="
    },
    "angularjs": {
      "version": "0.0.1",
      "resolved": "https://registry.npmjs.org/angularjs/-/angularjs-0.0.1.tgz",
      "integrity": "sha1-SW9QxxQVFedB6pdt6JHe8IOLPxk="
    }
  }
}
